
Microsoft Visual Studio Solution File, Format Version 12.00
Project("{FAE04EC0-301F-11D3-BF4B-00C04F79EFBC}") = "API_Lab2_Soap", "API_Lab2_Soap\API_Lab2_Soap.csproj", "{10769C05-6D39-457D-ABDD-35360C1A0790}"
EndProject
Global
	GlobalSection(SolutionConfigurationPlatforms) = preSolution
		Debug|Any CPU = Debug|Any CPU
		Release|Any CPU = Release|Any CPU
	EndGlobalSection
	GlobalSection(ProjectConfigurationPlatforms) = postSolution
		{10769C05-6D39-457D-ABDD-35360C1A0790}.Debug|Any CPU.ActiveCfg = Debug|Any CPU
		{10769C05-6D39-457D-ABDD-35360C1A0790}.Debug|Any CPU.Build.0 = Debug|Any CPU
		{10769C05-6D39-457D-ABDD-35360C1A0790}.Release|Any CPU.ActiveCfg = Release|Any CPU
		{10769C05-6D39-457D-ABDD-35360C1A0790}.Release|Any CPU.Build.0 = Release|Any CPU
	EndGlobalSection
EndGlobal
